[root]
name = "birlscript"
version = "1.1.5"
dependencies = [
 "meval 0.0.6 (registry+https://github.com/rust-lang/crates.io-index)",
]

[[package]]
name = "meval"
version = "0.0.6"
source = "registry+https://github.com/rust-lang/crates.io-index"
dependencies = [
 "nom 1.2.4 (registry+https://github.com/rust-lang/crates.io-index)",
]

[[package]]
name = "nom"
version = "1.2.4"
source = "registry+https://github.com/rust-lang/crates.io-index"

