[root]
name = "birlscript"
version = "1.1.6"
dependencies = [
 "meval 0.0.6 (registry+https://github.com/rust-lang/crates.io-index)",
]

[[package]]
name = "meval"
version = "0.0.6"
source = "registry+https://github.com/rust-lang/crates.io-index"
dependencies = [
 "nom 1.2.4 (registry+https://github.com/rust-lang/crates.io-index)",
]

[[package]]
name = "nom"
version = "1.2.4"
source = "registry+https://github.com/rust-lang/crates.io-index"

[metadata]
"checksum meval 0.0.6 (registry+https://github.com/rust-lang/crates.io-index)" = "09b087b25c688d373036acbc809d9f62a381f881bbeb9125c4025e9d822e910c"
"checksum nom 1.2.4 (registry+https://github.com/rust-lang/crates.io-index)" = "a5b8c256fd9471521bcb84c3cdba98921497f1a331cbc15b8030fc63b82050ce"
